
Microsoft Visual Studio Solution File, Format Version 12.00
# Visual Studio Version 17
VisualStudioVersion = 17.0.32014.148
MinimumVisualStudioVersion = 10.0.40219.1
Project("{FAE04EC0-301F-11D3-BF4B-00C04F79EFBC}") = "HousingBillPaymentAPI", "HousingBillPaymentAPI\HousingBillPaymentAPI.csproj", "{145E0178-AB7F-49FE-B1AF-59A6F9019C99}"
EndProject
Project("{FAE04EC0-301F-11D3-BF4B-00C04F79EFBC}") = "DAL", "DAL\DAL.csproj", "{2F5C3E9D-4B4A-4C60-B268-7D57A48029B8}"
EndProject
Project("{FAE04EC0-301F-11D3-BF4B-00C04F79EFBC}") = "Entities", "Entities\Entities.csproj", "{A9E20941-02D8-4D02-8E14-26A7BB8F767F}"
EndProject
Global
	GlobalSection(SolutionConfigurationPlatforms) = preSolution
		Debug|Any CPU = Debug|Any CPU
		Release|Any CPU = Release|Any CPU
	EndGlobalSection
	GlobalSection(ProjectConfigurationPlatforms) = postSolution
		{145E0178-AB7F-49FE-B1AF-59A6F9019C99}.Debug|Any CPU.ActiveCfg = Debug|Any CPU
		{145E0178-AB7F-49FE-B1AF-59A6F9019C99}.Debug|Any CPU.Build.0 = Debug|Any CPU
		{145E0178-AB7F-49FE-B1AF-59A6F9019C99}.Release|Any CPU.ActiveCfg = Release|Any CPU
		{145E0178-AB7F-49FE-B1AF-59A6F9019C99}.Release|Any CPU.Build.0 = Release|Any CPU
		{2F5C3E9D-4B4A-4C60-B268-7D57A48029B8}.Debug|Any CPU.ActiveCfg = Debug|Any CPU
		{2F5C3E9D-4B4A-4C60-B268-7D57A48029B8}.Debug|Any CPU.Build.0 = Debug|Any CPU
		{2F5C3E9D-4B4A-4C60-B268-7D57A48029B8}.Release|Any CPU.ActiveCfg = Release|Any CPU
		{2F5C3E9D-4B4A-4C60-B268-7D57A48029B8}.Release|Any CPU.Build.0 = Release|Any CPU
		{A9E20941-02D8-4D02-8E14-26A7BB8F767F}.Debug|Any CPU.ActiveCfg = Debug|Any CPU
		{A9E20941-02D8-4D02-8E14-26A7BB8F767F}.Debug|Any CPU.Build.0 = Debug|Any CPU
		{A9E20941-02D8-4D02-8E14-26A7BB8F767F}.Release|Any CPU.ActiveCfg = Release|Any CPU
		{A9E20941-02D8-4D02-8E14-26A7BB8F767F}.Release|Any CPU.Build.0 = Release|Any CPU
	EndGlobalSection
	GlobalSection(SolutionProperties) = preSolution
		HideSolutionNode = FALSE
	EndGlobalSection
	GlobalSection(ExtensibilityGlobals) = postSolution
		SolutionGuid = {06714C0A-8872-4162-BF8A-4F33F68623D7}
	EndGlobalSection
EndGlobal
